
Microsoft Visual Studio Solution File, Format Version 12.00
# Visual Studio Version 17
VisualStudioVersion = 17.4.33205.214
MinimumVisualStudioVersion = 10.0.40219.1
Project("{FAE04EC0-301F-11D3-BF4B-00C04F79EFBC}") = "Ex05_Othello.UI", "Ex05_Othello.UI\Ex05_Othello.UI.csproj", "{C38017B4-7FE3-473B-B866-E50DB054A8D5}"
EndProject
Project("{FAE04EC0-301F-11D3-BF4B-00C04F79EFBC}") = "Ex05_Othello.Logic", "Ex05_Othello.Logic\Ex05_Othello.Logic.csproj", "{E356D113-2BCC-4C9B-A824-B49CDCDCF7A7}"
EndProject
Global
	GlobalSection(SolutionConfigurationPlatforms) = preSolution
		Debug|Any CPU = Debug|Any CPU
		Release|Any CPU = Release|Any CPU
	EndGlobalSection
	GlobalSection(ProjectConfigurationPlatforms) = postSolution
		{C38017B4-7FE3-473B-B866-E50DB054A8D5}.Debug|Any CPU.ActiveCfg = Debug|Any CPU
		{C38017B4-7FE3-473B-B866-E50DB054A8D5}.Debug|Any CPU.Build.0 = Debug|Any CPU
		{C38017B4-7FE3-473B-B866-E50DB054A8D5}.Release|Any CPU.ActiveCfg = Release|Any CPU
		{C38017B4-7FE3-473B-B866-E50DB054A8D5}.Release|Any CPU.Build.0 = Release|Any CPU
		{E356D113-2BCC-4C9B-A824-B49CDCDCF7A7}.Debug|Any CPU.ActiveCfg = Debug|Any CPU
		{E356D113-2BCC-4C9B-A824-B49CDCDCF7A7}.Debug|Any CPU.Build.0 = Debug|Any CPU
		{E356D113-2BCC-4C9B-A824-B49CDCDCF7A7}.Release|Any CPU.ActiveCfg = Release|Any CPU
		{E356D113-2BCC-4C9B-A824-B49CDCDCF7A7}.Release|Any CPU.Build.0 = Release|Any CPU
	EndGlobalSection
	GlobalSection(SolutionProperties) = preSolution
		HideSolutionNode = FALSE
	EndGlobalSection
	GlobalSection(ExtensibilityGlobals) = postSolution
		SolutionGuid = {CA4F5E2A-60EA-424B-911E-D782A3175FB7}
	EndGlobalSection
EndGlobal
